
Microsoft Visual Studio Solution File, Format Version 12.00
# Visual Studio 15
VisualStudioVersion = 15.0.28307.1145
MinimumVisualStudioVersion = 10.0.40219.1
Project("{FAE04EC0-301F-11D3-BF4B-00C04F79EFBC}") = "snipper10", "snipper10\snipper10.csproj", "{6DE77471-914B-4EB0-A217-8686D6F5887B}"
EndProject
Global
	GlobalSection(SolutionConfigurationPlatforms) = preSolution
		Debug|Any CPU = Debug|Any CPU
		Release|Any CPU = Release|Any CPU
	EndGlobalSection
	GlobalSection(ProjectConfigurationPlatforms) = postSolution
		{6DE77471-914B-4EB0-A217-8686D6F5887B}.Debug|Any CPU.ActiveCfg = Debug|Any CPU
		{6DE77471-914B-4EB0-A217-8686D6F5887B}.Debug|Any CPU.Build.0 = Debug|Any CPU
		{6DE77471-914B-4EB0-A217-8686D6F5887B}.Release|Any CPU.ActiveCfg = Release|Any CPU
		{6DE77471-914B-4EB0-A217-8686D6F5887B}.Release|Any CPU.Build.0 = Release|Any CPU
	EndGlobalSection
	GlobalSection(SolutionProperties) = preSolution
		HideSolutionNode = FALSE
	EndGlobalSection
	GlobalSection(ExtensibilityGlobals) = postSolution
		SolutionGuid = {591D239F-B9CF-4652-9AD8-5AEB05DEEC5A}
	EndGlobalSection
EndGlobal
