
Microsoft Visual Studio Solution File, Format Version 12.00
# Visual Studio 15
VisualStudioVersion = 15.0.28307.1145
MinimumVisualStudioVersion = 10.0.40219.1
Project("{FAE04EC0-301F-11D3-BF4B-00C04F79EFBC}") = "snipper15", "snipper15\snipper15.csproj", "{6B12FE13-D573-4C88-9B6D-C1880D6F29B4}"
EndProject
Global
	GlobalSection(SolutionConfigurationPlatforms) = preSolution
		Debug|Any CPU = Debug|Any CPU
		Release|Any CPU = Release|Any CPU
	EndGlobalSection
	GlobalSection(ProjectConfigurationPlatforms) = postSolution
		{6B12FE13-D573-4C88-9B6D-C1880D6F29B4}.Debug|Any CPU.ActiveCfg = Debug|Any CPU
		{6B12FE13-D573-4C88-9B6D-C1880D6F29B4}.Debug|Any CPU.Build.0 = Debug|Any CPU
		{6B12FE13-D573-4C88-9B6D-C1880D6F29B4}.Release|Any CPU.ActiveCfg = Release|Any CPU
		{6B12FE13-D573-4C88-9B6D-C1880D6F29B4}.Release|Any CPU.Build.0 = Release|Any CPU
	EndGlobalSection
	GlobalSection(SolutionProperties) = preSolution
		HideSolutionNode = FALSE
	EndGlobalSection
	GlobalSection(ExtensibilityGlobals) = postSolution
		SolutionGuid = {CA338474-D673-4C49-AAF8-489D4B9743A5}
	EndGlobalSection
EndGlobal
