
Microsoft Visual Studio Solution File, Format Version 12.00
# Visual Studio 15
VisualStudioVersion = 15.0.28307.1145
MinimumVisualStudioVersion = 10.0.40219.1
Project("{FAE04EC0-301F-11D3-BF4B-00C04F79EFBC}") = "snipper6", "snipper6\snipper6.csproj", "{CA8960CD-4830-4C15-8991-BA377A2AD3EB}"
EndProject
Global
	GlobalSection(SolutionConfigurationPlatforms) = preSolution
		Debug|Any CPU = Debug|Any CPU
		Release|Any CPU = Release|Any CPU
	EndGlobalSection
	GlobalSection(ProjectConfigurationPlatforms) = postSolution
		{CA8960CD-4830-4C15-8991-BA377A2AD3EB}.Debug|Any CPU.ActiveCfg = Debug|Any CPU
		{CA8960CD-4830-4C15-8991-BA377A2AD3EB}.Debug|Any CPU.Build.0 = Debug|Any CPU
		{CA8960CD-4830-4C15-8991-BA377A2AD3EB}.Release|Any CPU.ActiveCfg = Release|Any CPU
		{CA8960CD-4830-4C15-8991-BA377A2AD3EB}.Release|Any CPU.Build.0 = Release|Any CPU
	EndGlobalSection
	GlobalSection(SolutionProperties) = preSolution
		HideSolutionNode = FALSE
	EndGlobalSection
	GlobalSection(ExtensibilityGlobals) = postSolution
		SolutionGuid = {8BC31BB8-28E0-41F7-8BB3-BE917032D039}
	EndGlobalSection
EndGlobal
