
Microsoft Visual Studio Solution File, Format Version 12.00
# Visual Studio 15
VisualStudioVersion = 15.0.28307.1145
MinimumVisualStudioVersion = 10.0.40219.1
Project("{FAE04EC0-301F-11D3-BF4B-00C04F79EFBC}") = "snipper8", "snipper8\snipper8.csproj", "{BA48DED1-CABD-484F-929A-1E96BC328D23}"
EndProject
Global
	GlobalSection(SolutionConfigurationPlatforms) = preSolution
		Debug|Any CPU = Debug|Any CPU
		Release|Any CPU = Release|Any CPU
	EndGlobalSection
	GlobalSection(ProjectConfigurationPlatforms) = postSolution
		{BA48DED1-CABD-484F-929A-1E96BC328D23}.Debug|Any CPU.ActiveCfg = Debug|Any CPU
		{BA48DED1-CABD-484F-929A-1E96BC328D23}.Debug|Any CPU.Build.0 = Debug|Any CPU
		{BA48DED1-CABD-484F-929A-1E96BC328D23}.Release|Any CPU.ActiveCfg = Release|Any CPU
		{BA48DED1-CABD-484F-929A-1E96BC328D23}.Release|Any CPU.Build.0 = Release|Any CPU
	EndGlobalSection
	GlobalSection(SolutionProperties) = preSolution
		HideSolutionNode = FALSE
	EndGlobalSection
	GlobalSection(ExtensibilityGlobals) = postSolution
		SolutionGuid = {AEB28D77-F258-4085-BD9D-23CAC6EC21AB}
	EndGlobalSection
EndGlobal
