
Microsoft Visual Studio Solution File, Format Version 12.00
# Visual Studio 15
VisualStudioVersion = 15.0.28307.1145
MinimumVisualStudioVersion = 10.0.40219.1
Project("{FAE04EC0-301F-11D3-BF4B-00C04F79EFBC}") = "snipper6-end", "snipper6-end\snipper6-end.csproj", "{B00A6977-331D-4F36-8756-DA6CD049A029}"
EndProject
Global
	GlobalSection(SolutionConfigurationPlatforms) = preSolution
		Debug|Any CPU = Debug|Any CPU
		Release|Any CPU = Release|Any CPU
	EndGlobalSection
	GlobalSection(ProjectConfigurationPlatforms) = postSolution
		{B00A6977-331D-4F36-8756-DA6CD049A029}.Debug|Any CPU.ActiveCfg = Debug|Any CPU
		{B00A6977-331D-4F36-8756-DA6CD049A029}.Debug|Any CPU.Build.0 = Debug|Any CPU
		{B00A6977-331D-4F36-8756-DA6CD049A029}.Release|Any CPU.ActiveCfg = Release|Any CPU
		{B00A6977-331D-4F36-8756-DA6CD049A029}.Release|Any CPU.Build.0 = Release|Any CPU
	EndGlobalSection
	GlobalSection(SolutionProperties) = preSolution
		HideSolutionNode = FALSE
	EndGlobalSection
	GlobalSection(ExtensibilityGlobals) = postSolution
		SolutionGuid = {A42FB129-EAC8-4A68-AEEA-BFEFF6375A5F}
	EndGlobalSection
EndGlobal
