
Microsoft Visual Studio Solution File, Format Version 12.00
# Visual Studio 15
VisualStudioVersion = 15.0.28307.1145
MinimumVisualStudioVersion = 10.0.40219.1
Project("{FAE04EC0-301F-11D3-BF4B-00C04F79EFBC}") = "snipper16", "snipper16\snipper16.csproj", "{E916A112-F0AB-4635-8E55-92B67E37B8B6}"
EndProject
Global
	GlobalSection(SolutionConfigurationPlatforms) = preSolution
		Debug|Any CPU = Debug|Any CPU
		Release|Any CPU = Release|Any CPU
	EndGlobalSection
	GlobalSection(ProjectConfigurationPlatforms) = postSolution
		{E916A112-F0AB-4635-8E55-92B67E37B8B6}.Debug|Any CPU.ActiveCfg = Debug|Any CPU
		{E916A112-F0AB-4635-8E55-92B67E37B8B6}.Debug|Any CPU.Build.0 = Debug|Any CPU
		{E916A112-F0AB-4635-8E55-92B67E37B8B6}.Release|Any CPU.ActiveCfg = Release|Any CPU
		{E916A112-F0AB-4635-8E55-92B67E37B8B6}.Release|Any CPU.Build.0 = Release|Any CPU
	EndGlobalSection
	GlobalSection(SolutionProperties) = preSolution
		HideSolutionNode = FALSE
	EndGlobalSection
	GlobalSection(ExtensibilityGlobals) = postSolution
		SolutionGuid = {3E9B7375-024B-410C-9AA1-464A3CDF5703}
	EndGlobalSection
EndGlobal
